
Microsoft Visual Studio Solution File, Format Version 12.00
# Visual Studio Version 17
VisualStudioVersion = 17.2.32602.215
MinimumVisualStudioVersion = 10.0.40219.1
Project("{FAE04EC0-301F-11D3-BF4B-00C04F79EFBC}") = "WebApplication1", "WebApplication1\WebApplication1.csproj", "{5D1EE276-B7AB-4AAB-92A6-9D5C7A8E322A}"
EndProject
Global
	GlobalSection(SolutionConfigurationPlatforms) = preSolution
		Debug|Any CPU = Debug|Any CPU
		Release|Any CPU = Release|Any CPU
	EndGlobalSection
	GlobalSection(ProjectConfigurationPlatforms) = postSolution
		{5D1EE276-B7AB-4AAB-92A6-9D5C7A8E322A}.Debug|Any CPU.ActiveCfg = Debug|Any CPU
		{5D1EE276-B7AB-4AAB-92A6-9D5C7A8E322A}.Debug|Any CPU.Build.0 = Debug|Any CPU
		{5D1EE276-B7AB-4AAB-92A6-9D5C7A8E322A}.Release|Any CPU.ActiveCfg = Release|Any CPU
		{5D1EE276-B7AB-4AAB-92A6-9D5C7A8E322A}.Release|Any CPU.Build.0 = Release|Any CPU
	EndGlobalSection
	GlobalSection(SolutionProperties) = preSolution
		HideSolutionNode = FALSE
	EndGlobalSection
	GlobalSection(ExtensibilityGlobals) = postSolution
		SolutionGuid = {54B5FC8B-A9C7-481B-951A-1ADBD97A2773}
	EndGlobalSection
EndGlobal
